// !$*UTF8*$!
{
	archiveVersion = 1;
	classes = {
	};
	objectVersion = 50;
	objects = {

/* Begin PBXBuildFile section */
		362DFFDF25F9885B008B8882 /* AppDelegate.swift in Sources */ = {isa = PBXBuildFile; fileRef = 362DFFDE25F9885B008B8882 /* AppDelegate.swift */; };
		362DFFE125F9885B008B8882 /* SceneDelegate.swift in Sources */ = {isa = PBXBuildFile; fileRef = 362DFFE025F9885B008B8882 /* SceneDelegate.swift */; };
		362DFFE325F9885B008B8882 /* ViewController.swift in Sources */ = {isa = PBXBuildFile; fileRef = 362DFFE225F9885B008B8882 /* ViewController.swift */; };
		362DFFE625F9885B008B8882 /* Main.storyboard in Resources */ = {isa = PBXBuildFile; fileRef = 362DFFE425F9885B008B8882 /* Main.storyboard */; };
		362DFFE825F98860008B8882 /* Assets.xcassets in Resources */ = {isa = PBXBuildFile; fileRef = 362DFFE725F98860008B8882 /* Assets.xcassets */; };
		362DFFEB25F98860008B8882 /* LaunchScreen.storyboard in Resources */ = {isa = PBXBuildFile; fileRef = 362DFFE925F98860008B8882 /* LaunchScreen.storyboard */; };
		362DFFF725F989A4008B8882 /* ColorDataSource.swift in Sources */ = {isa = PBXBuildFile; fileRef = 362DFFF625F989A4008B8882 /* ColorDataSource.swift */; };
/* End PBXBuildFile section */

/* Begin PBXFileReference section */
		362DFFDB25F9885B008B8882 /* CollectionDiffable.app */ = {isa = PBXFileReference; explicitFileType = wrapper.application; includeInIndex = 0; path = CollectionDiffable.app; sourceTree = BUILT_PRODUCTS_DIR; };
		362DFFDE25F9885B008B8882 /* AppDelegate.swift */ = {isa = PBXFileReference; lastKnownFileType = sourcecode.swift; path = AppDelegate.swift; sourceTree = "<group>"; };
		362DFFE025F9885B008B8882 /* SceneDelegate.swift */ = {isa = PBXFileReference; lastKnownFileType = sourcecode.swift; path = SceneDelegate.swift; sourceTree = "<group>"; };
		362DFFE225F9885B008B8882 /* ViewController.swift */ = {isa = PBXFileReference; lastKnownFileType = sourcecode.swift; path = ViewController.swift; sourceTree = "<group>"; };
		362DFFE525F9885B008B8882 /* Base */ = {isa = PBXFileReference; lastKnownFileType = file.storyboard; name = Base; path = Base.lproj/Main.storyboard; sourceTree = "<group>"; };
		362DFFE725F98860008B8882 /* Assets.xcassets */ = {isa = PBXFileReference; lastKnownFileType = folder.assetcatalog; path = Assets.xcassets; sourceTree = "<group>"; };
		362DFFEA25F98860008B8882 /* Base */ = {isa = PBXFileReference; lastKnownFileType = file.storyboard; name = Base; path = Base.lproj/LaunchScreen.storyboard; sourceTree = "<group>"; };
		362DFFEC25F98860008B8882 /* Info.plist */ = {isa = PBXFileReference; lastKnownFileType = text.plist.xml; path = Info.plist; sourceTree = "<group>"; };
		362DFFF625F989A4008B8882 /* ColorDataSource.swift */ = {isa = PBXFileReference; lastKnownFileType = sourcecode.swift; path = ColorDataSource.swift; sourceTree = "<group>"; };
/* End PBXFileReference section */

/* Begin PBXFrameworksBuildPhase section */
		362DFFD825F9885B008B8882 /* Frameworks */ = {
			isa = PBXFrameworksBuildPhase;
			buildActionMask = 2147483647;
			files = (
			);
			runOnlyForDeploymentPostprocessing = 0;
		};
/* End PBXFrameworksBuildPhase section */

/* Begin PBXGroup section */
		362DFFD225F9885B008B8882 = {
			isa = PBXGroup;
			children = (
				362DFFDD25F9885B008B8882 /* CollectionDiffable */,
				362DFFDC25F9885B008B8882 /* Products */,
			);
			sourceTree = "<group>";
		};
		362DFFDC25F9885B008B8882 /* Products */ = {
			isa = PBXGroup;
			children = (
				362DFFDB25F9885B008B8882 /* CollectionDiffable.app */,
			);
			name = Products;
			sourceTree = "<group>";
		};
		362DFFDD25F9885B008B8882 /* CollectionDiffable */ = {
			isa = PBXGroup;
			children = (
				362DFFF325F98882008B8882 /* Resources */,
				362DFFFC25F98D99008B8882 /* Models+Controllers */,
				362DFFFB25F98CD6008B8882 /* Views */,
			);
			path = CollectionDiffable;
			sourceTree = "<group>";
		};
		362DFFF325F98882008B8882 /* Resources */ = {
			isa = PBXGroup;
			children = (
				362DFFDE25F9885B008B8882 /* AppDelegate.swift */,
				362DFFE025F9885B008B8882 /* SceneDelegate.swift */,
				362DFFE725F98860008B8882 /* Assets.xcassets */,
				362DFFEC25F98860008B8882 /* Info.plist */,
			);
			path = Resources;
			sourceTree = "<group>";
		};
		362DFFFB25F98CD6008B8882 /* Views */ = {
			isa = PBXGroup;
			children = (
				362DFFE425F9885B008B8882 /* Main.storyboard */,
				362DFFE925F98860008B8882 /* LaunchScreen.storyboard */,
			);
			path = Views;
			sourceTree = "<group>";
		};
		362DFFFC25F98D99008B8882 /* Models+Controllers */ = {
			isa = PBXGroup;
			children = (
				362DFFE225F9885B008B8882 /* ViewController.swift */,
				362DFFF625F989A4008B8882 /* ColorDataSource.swift */,
			);
			path = "Models+Controllers";
			sourceTree = "<group>";
		};
/* End PBXGroup section */

/* Begin PBXNativeTarget section */
		362DFFDA25F9885B008B8882 /* CollectionDiffable */ = {
			isa = PBXNativeTarget;
			buildConfigurationList = 362DFFEF25F98860008B8882 /* Build configuration list for PBXNativeTarget "CollectionDiffable" */;
			buildPhases = (
				362DFFD725F9885B008B8882 /* Sources */,
				362DFFD825F9885B008B8882 /* Frameworks */,
				362DFFD925F9885B008B8882 /* Resources */,
			);
			buildRules = (
			);
			dependencies = (
			);
			name = CollectionDiffable;
			productName = CollectionDiffable;
			productReference = 362DFFDB25F9885B008B8882 /* CollectionDiffable.app */;
			productType = "com.apple.product-type.application";
		};
/* End PBXNativeTarget section */

/* Begin PBXProject section */
		362DFFD325F9885B008B8882 /* Project object */ = {
			isa = PBXProject;
			attributes = {
				LastSwiftUpdateCheck = 1230;
				LastUpgradeCheck = 1230;
				TargetAttributes = {
					362DFFDA25F9885B008B8882 = {
						CreatedOnToolsVersion = 12.3;
					};
				};
			};
			buildConfigurationList = 362DFFD625F9885B008B8882 /* Build configuration list for PBXProject "CollectionDiffable" */;
			compatibilityVersion = "Xcode 9.3";
			developmentRegion = en;
			hasScannedForEncodings = 0;
			knownRegions = (
				en,
				Base,
			);
			mainGroup = 362DFFD225F9885B008B8882;
			productRefGroup = 362DFFDC25F9885B008B8882 /* Products */;
			projectDirPath = "";
			projectRoot = "";
			targets = (
				362DFFDA25F9885B008B8882 /* CollectionDiffable */,
			);
		};
/* End PBXProject section */

/* Begin PBXResourcesBuildPhase section */
		362DFFD925F9885B008B8882 /* Resources */ = {
			isa = PBXResourcesBuildPhase;
			buildActionMask = 2147483647;
			files = (
				362DFFEB25F98860008B8882 /* LaunchScreen.storyboard in Resources */,
				362DFFE825F98860008B8882 /* Assets.xcassets in Resources */,
				362DFFE625F9885B008B8882 /* Main.storyboard in Resources */,
			);
			runOnlyForDeploymentPostprocessing = 0;
		};
/* End PBXResourcesBuildPhase section */

/* Begin PBXSourcesBuildPhase section */
		362DFFD725F9885B008B8882 /* Sources */ = {
			isa = PBXSourcesBuildPhase;
			buildActionMask = 2147483647;
			files = (
				362DFFE325F9885B008B8882 /* ViewController.swift in Sources */,
				362DFFDF25F9885B008B8882 /* AppDelegate.swift in Sources */,
				362DFFF725F989A4008B8882 /* ColorDataSource.swift in Sources */,
				362DFFE125F9885B008B8882 /* SceneDelegate.swift in Sources */,
			);
			runOnlyForDeploymentPostprocessing = 0;
		};
/* End PBXSourcesBuildPhase section */

/* Begin PBXVariantGroup section */
		362DFFE425F9885B008B8882 /* Main.storyboard */ = {
			isa = PBXVariantGroup;
			children = (
				362DFFE525F9885B008B8882 /* Base */,
			);
			name = Main.storyboard;
			sourceTree = "<group>";
		};
		362DFFE925F98860008B8882 /* LaunchScreen.storyboard */ = {
			isa = PBXVariantGroup;
			children = (
				362DFFEA25F98860008B8882 /* Base */,
			);
			name = LaunchScreen.storyboard;
			sourceTree = "<group>";
		};
/* End PBXVariantGroup section */

/* Begin XCBuildConfiguration section */
		362DFFED25F98860008B8882 /* Debug */ = {
			isa = XCBuildConfiguration;
			buildSettings = {
				ALWAYS_SEARCH_USER_PATHS = NO;
				CLANG_ANALYZER_NONNULL = YES;
				CLANG_ANALYZER_NUMBER_OBJECT_CONVERSION = YES_AGGRESSIVE;
				CLANG_CXX_LANGUAGE_STANDARD = "gnu++14";
				CLANG_CXX_LIBRARY = "libc++";
				CLANG_ENABLE_MODULES = YES;
				CLANG_ENABLE_OBJC_ARC = YES;
				CLANG_ENABLE_OBJC_WEAK = YES;
				CLANG_WARN_BLOCK_CAPTURE_AUTORELEASING = YES;
				CLANG_WARN_BOOL_CONVERSION = YES;
				CLANG_WARN_COMMA = YES;
				CLANG_WARN_CONSTANT_CONVERSION = YES;
				CLANG_WARN_DEPRECATED_OBJC_IMPLEMENTATIONS = YES;
				CLANG_WARN_DIRECT_OBJC_ISA_USAGE = YES_ERROR;
				CLANG_WARN_DOCUMENTATION_COMMENTS = YES;
				CLANG_WARN_EMPTY_BODY = YES;
				CLANG_WARN_ENUM_CONVERSION = YES;
				CLANG_WARN_INFINITE_RECURSION = YES;
				CLANG_WARN_INT_CONVERSION = YES;
				CLANG_WARN_NON_LITERAL_NULL_CONVERSION = YES;
				CLANG_WARN_OBJC_IMPLICIT_RETAIN_SELF = YES;
				CLANG_WARN_OBJC_LITERAL_CONVERSION = YES;
				CLANG_WARN_OBJC_ROOT_CLASS = YES_ERROR;
				CLANG_WARN_QUOTED_INCLUDE_IN_FRAMEWORK_HEADER = YES;
				CLANG_WARN_RANGE_LOOP_ANALYSIS = YES;
				CLANG_WARN_STRICT_PROTOTYPES = YES;
				CLANG_WARN_SUSPICIOUS_MOVE = YES;
				CLANG_WARN_UNGUARDED_AVAILABILITY = YES_AGGRESSIVE;
				CLANG_WARN_UNREACHABLE_CODE = YES;
				CLANG_WARN__DUPLICATE_METHOD_MATCH = YES;
				COPY_PHASE_STRIP = NO;
				DEBUG_INFORMATION_FORMAT = dwarf;
				ENABLE_STRICT_OBJC_MSGSEND = YES;
				ENABLE_TESTABILITY = YES;
				GCC_C_LANGUAGE_STANDARD = gnu11;
				GCC_DYNAMIC_NO_PIC = NO;
				GCC_NO_COMMON_BLOCKS = YES;
				GCC_OPTIMIZATION_LEVEL = 0;
				GCC_PREPROCESSOR_DEFINITIONS = (
					"DEBUG=1",
					"$(inherited)",
				);
				GCC_WARN_64_TO_32_BIT_CONVERSION = YES;
				GCC_WARN_ABOUT_RETURN_TYPE = YES_ERROR;
				GCC_WARN_UNDECLARED_SELECTOR = YES;
				GCC_WARN_UNINITIALIZED_AUTOS = YES_AGGRESSIVE;
				GCC_WARN_UNUSED_FUNCTION = YES;
				GCC_WARN_UNUSED_VARIABLE = YES;
				IPHONEOS_DEPLOYMENT_TARGET = 14.3;
				MTL_ENABLE_DEBUG_INFO = INCLUDE_SOURCE;
				MTL_FAST_MATH = YES;
				ONLY_ACTIVE_ARCH = YES;
				SDKROOT = iphoneos;
				SWIFT_ACTIVE_COMPILATION_CONDITIONS = DEBUG;
				SWIFT_OPTIMIZATION_LEVEL = "-Onone";
			};
			name = Debug;
		};
		362DFFEE25F98860008B8882 /* Release */ = {
			isa = XCBuildConfiguration;
			buildSettings = {
				ALWAYS_SEARCH_USER_PATHS = NO;
				CLANG_ANALYZER_NONNULL = YES;
				CLANG_ANALYZER_NUMBER_OBJECT_CONVERSION = YES_AGGRESSIVE;
				CLANG_CXX_LANGUAGE_STANDARD = "gnu++14";
				CLANG_CXX_LIBRARY = "libc++";
				CLANG_ENABLE_MODULES = YES;
				CLANG_ENABLE_OBJC_ARC = YES;
				CLANG_ENABLE_OBJC_WEAK = YES;
				CLANG_WARN_BLOCK_CAPTURE_AUTORELEASING = YES;
				CLANG_WARN_BOOL_CONVERSION = YES;
				CLANG_WARN_COMMA = YES;
				CLANG_WARN_CONSTANT_CONVERSION = YES;
				CLANG_WARN_DEPRECATED_OBJC_IMPLEMENTATIONS = YES;
				CLANG_WARN_DIRECT_OBJC_ISA_USAGE = YES_ERROR;
				CLANG_WARN_DOCUMENTATION_COMMENTS = YES;
				CLANG_WARN_EMPTY_BODY = YES;
				CLANG_WARN_ENUM_CONVERSION = YES;
				CLANG_WARN_INFINITE_RECURSION = YES;
				CLANG_WARN_INT_CONVERSION = YES;
				CLANG_WARN_NON_LITERAL_NULL_CONVERSION = YES;
				CLANG_WARN_OBJC_IMPLICIT_RETAIN_SELF = YES;
				CLANG_WARN_OBJC_LITERAL_CONVERSION = YES;
				CLANG_WARN_OBJC_ROOT_CLASS = YES_ERROR;
				CLANG_WARN_QUOTED_INCLUDE_IN_FRAMEWORK_HEADER = YES;
				CLANG_WARN_RANGE_LOOP_ANALYSIS = YES;
				CLANG_WARN_STRICT_PROTOTYPES = YES;
				CLANG_WARN_SUSPICIOUS_MOVE = YES;
				CLANG_WARN_UNGUARDED_AVAILABILITY = YES_AGGRESSIVE;
				CLANG_WARN_UNREACHABLE_CODE = YES;
				CLANG_WARN__DUPLICATE_METHOD_MATCH = YES;
				COPY_PHASE_STRIP = NO;
				DEBUG_INFORMATION_FORMAT = "dwarf-with-dsym";
				ENABLE_NS_ASSERTIONS = NO;
				ENABLE_STRICT_OBJC_MSGSEND = YES;
				GCC_C_LANGUAGE_STANDARD = gnu11;
				GCC_NO_COMMON_BLOCKS = YES;
				GCC_WARN_64_TO_32_BIT_CONVERSION = YES;
				GCC_WARN_ABOUT_RETURN_TYPE = YES_ERROR;
				GCC_WARN_UNDECLARED_SELECTOR = YES;
				GCC_WARN_UNINITIALIZED_AUTOS = YES_AGGRESSIVE;
				GCC_WARN_UNUSED_FUNCTION = YES;
				GCC_WARN_UNUSED_VARIABLE = YES;
				IPHONEOS_DEPLOYMENT_TARGET = 14.3;
				MTL_ENABLE_DEBUG_INFO = NO;
				MTL_FAST_MATH = YES;
				SDKROOT = iphoneos;
				SWIFT_COMPILATION_MODE = wholemodule;
				SWIFT_OPTIMIZATION_LEVEL = "-O";
				VALIDATE_PRODUCT = YES;
			};
			name = Release;
		};
		362DFFF025F98860008B8882 /* Debug */ = {
			isa = XCBuildConfiguration;
			buildSettings = {
				ASSETCATALOG_COMPILER_APPICON_NAME = AppIcon;
				ASSETCATALOG_COMPILER_GLOBAL_ACCENT_COLOR_NAME = AccentColor;
				CODE_SIGN_STYLE = Automatic;
				DEVELOPMENT_TEAM = L73M8R7276;
				INFOPLIST_FILE = CollectionDiffable/Resources/Info.plist;
				LD_RUNPATH_SEARCH_PATHS = (
					"$(inherited)",
					"@executable_path/Frameworks",
				);
				PRODUCT_BUNDLE_IDENTIFIER = com.leemccormick.CollectionDiffable;
				PRODUCT_NAME = "$(TARGET_NAME)";
				SWIFT_VERSION = 5.0;
				TARGETED_DEVICE_FAMILY = "1,2";
			};
			name = Debug;
		};
		362DFFF125F98860008B8882 /* Release */ = {
			isa = XCBuildConfiguration;
			buildSettings = {
				ASSETCATALOG_COMPILER_APPICON_NAME = AppIcon;
				ASSETCATALOG_COMPILER_GLOBAL_ACCENT_COLOR_NAME = AccentColor;
				CODE_SIGN_STYLE = Automatic;
				DEVELOPMENT_TEAM = L73M8R7276;
				INFOPLIST_FILE = CollectionDiffable/Resources/Info.plist;
				LD_RUNPATH_SEARCH_PATHS = (
					"$(inherited)",
					"@executable_path/Frameworks",
				);
				PRODUCT_BUNDLE_IDENTIFIER = com.leemccormick.CollectionDiffable;
				PRODUCT_NAME = "$(TARGET_NAME)";
				SWIFT_VERSION = 5.0;
				TARGETED_DEVICE_FAMILY = "1,2";
			};
			name = Release;
		};
/* End XCBuildConfiguration section */

/* Begin XCConfigurationList section */
		362DFFD625F9885B008B8882 /* Build configuration list for PBXProject "CollectionDiffable" */ = {
			isa = XCConfigurationList;
			buildConfigurations = (
				362DFFED25F98860008B8882 /* Debug */,
				362DFFEE25F98860008B8882 /* Release */,
			);
			defaultConfigurationIsVisible = 0;
			defaultConfigurationName = Release;
		};
		362DFFEF25F98860008B8882 /* Build configuration list for PBXNativeTarget "CollectionDiffable" */ = {
			isa = XCConfigurationList;
			buildConfigurations = (
				362DFFF025F98860008B8882 /* Debug */,
				362DFFF125F98860008B8882 /* Release */,
			);
			defaultConfigurationIsVisible = 0;
			defaultConfigurationName = Release;
		};
/* End XCConfigurationList section */
	};
	rootObject = 362DFFD325F9885B008B8882 /* Project object */;
}
