// !$*UTF8*$!
{
	archiveVersion = 1;
	classes = {
	};
	objectVersion = 50;
	objects = {

/* Begin PBXBuildFile section */
		367055C825A7C05D00B1DCA0 /* AppDelegate.swift in Sources */ = {isa = PBXBuildFile; fileRef = 367055C725A7C05D00B1DCA0 /* AppDelegate.swift */; };
		367055CA25A7C05D00B1DCA0 /* SceneDelegate.swift in Sources */ = {isa = PBXBuildFile; fileRef = 367055C925A7C05D00B1DCA0 /* SceneDelegate.swift */; };
		367055CC25A7C05D00B1DCA0 /* DetailViewController.swift in Sources */ = {isa = PBXBuildFile; fileRef = 367055CB25A7C05D00B1DCA0 /* DetailViewController.swift */; };
		367055CF25A7C05D00B1DCA0 /* Main.storyboard in Resources */ = {isa = PBXBuildFile; fileRef = 367055CD25A7C05D00B1DCA0 /* Main.storyboard */; };
		367055D125A7C05F00B1DCA0 /* Assets.xcassets in Resources */ = {isa = PBXBuildFile; fileRef = 367055D025A7C05F00B1DCA0 /* Assets.xcassets */; };
		367055D425A7C05F00B1DCA0 /* LaunchScreen.storyboard in Resources */ = {isa = PBXBuildFile; fileRef = 367055D225A7C05F00B1DCA0 /* LaunchScreen.storyboard */; };
		367055DF25A7C05F00B1DCA0 /* SolarSystemByLeeTests.swift in Sources */ = {isa = PBXBuildFile; fileRef = 367055DE25A7C05F00B1DCA0 /* SolarSystemByLeeTests.swift */; };
		367055EA25A7C05F00B1DCA0 /* SolarSystemByLeeUITests.swift in Sources */ = {isa = PBXBuildFile; fileRef = 367055E925A7C05F00B1DCA0 /* SolarSystemByLeeUITests.swift */; };
		367055FC25A7C11700B1DCA0 /* Planet.swift in Sources */ = {isa = PBXBuildFile; fileRef = 367055FB25A7C11700B1DCA0 /* Planet.swift */; };
		3670560525A7C3DE00B1DCA0 /* PlanetController.swift in Sources */ = {isa = PBXBuildFile; fileRef = 3670560425A7C3DE00B1DCA0 /* PlanetController.swift */; };
		36C8AE2725A7D27000C3AD4F /* PlanetsTableViewController.swift in Sources */ = {isa = PBXBuildFile; fileRef = 36C8AE2625A7D27000C3AD4F /* PlanetsTableViewController.swift */; };
/* End PBXBuildFile section */

/* Begin PBXContainerItemProxy section */
		367055DB25A7C05F00B1DCA0 /* PBXContainerItemProxy */ = {
			isa = PBXContainerItemProxy;
			containerPortal = 367055BC25A7C05D00B1DCA0 /* Project object */;
			proxyType = 1;
			remoteGlobalIDString = 367055C325A7C05D00B1DCA0;
			remoteInfo = SolarSystemByLee;
		};
		367055E625A7C05F00B1DCA0 /* PBXContainerItemProxy */ = {
			isa = PBXContainerItemProxy;
			containerPortal = 367055BC25A7C05D00B1DCA0 /* Project object */;
			proxyType = 1;
			remoteGlobalIDString = 367055C325A7C05D00B1DCA0;
			remoteInfo = SolarSystemByLee;
		};
/* End PBXContainerItemProxy section */

/* Begin PBXFileReference section */
		367055C425A7C05D00B1DCA0 /* SolarSystemByLee.app */ = {isa = PBXFileReference; explicitFileType = wrapper.application; includeInIndex = 0; path = SolarSystemByLee.app; sourceTree = BUILT_PRODUCTS_DIR; };
		367055C725A7C05D00B1DCA0 /* AppDelegate.swift */ = {isa = PBXFileReference; lastKnownFileType = sourcecode.swift; path = AppDelegate.swift; sourceTree = "<group>"; };
		367055C925A7C05D00B1DCA0 /* SceneDelegate.swift */ = {isa = PBXFileReference; lastKnownFileType = sourcecode.swift; path = SceneDelegate.swift; sourceTree = "<group>"; };
		367055CB25A7C05D00B1DCA0 /* DetailViewController.swift */ = {isa = PBXFileReference; lastKnownFileType = sourcecode.swift; path = DetailViewController.swift; sourceTree = "<group>"; };
		367055CE25A7C05D00B1DCA0 /* Base */ = {isa = PBXFileReference; lastKnownFileType = file.storyboard; name = Base; path = Base.lproj/Main.storyboard; sourceTree = "<group>"; };
		367055D025A7C05F00B1DCA0 /* Assets.xcassets */ = {isa = PBXFileReference; lastKnownFileType = folder.assetcatalog; path = Assets.xcassets; sourceTree = "<group>"; };
		367055D325A7C05F00B1DCA0 /* Base */ = {isa = PBXFileReference; lastKnownFileType = file.storyboard; name = Base; path = Base.lproj/LaunchScreen.storyboard; sourceTree = "<group>"; };
		367055D525A7C05F00B1DCA0 /* Info.plist */ = {isa = PBXFileReference; lastKnownFileType = text.plist.xml; path = Info.plist; sourceTree = "<group>"; };
		367055DA25A7C05F00B1DCA0 /* SolarSystemByLeeTests.xctest */ = {isa = PBXFileReference; explicitFileType = wrapper.cfbundle; includeInIndex = 0; path = SolarSystemByLeeTests.xctest; sourceTree = BUILT_PRODUCTS_DIR; };
		367055DE25A7C05F00B1DCA0 /* SolarSystemByLeeTests.swift */ = {isa = PBXFileReference; lastKnownFileType = sourcecode.swift; path = SolarSystemByLeeTests.swift; sourceTree = "<group>"; };
		367055E025A7C05F00B1DCA0 /* Info.plist */ = {isa = PBXFileReference; lastKnownFileType = text.plist.xml; path = Info.plist; sourceTree = "<group>"; };
		367055E525A7C05F00B1DCA0 /* SolarSystemByLeeUITests.xctest */ = {isa = PBXFileReference; explicitFileType = wrapper.cfbundle; includeInIndex = 0; path = SolarSystemByLeeUITests.xctest; sourceTree = BUILT_PRODUCTS_DIR; };
		367055E925A7C05F00B1DCA0 /* SolarSystemByLeeUITests.swift */ = {isa = PBXFileReference; lastKnownFileType = sourcecode.swift; path = SolarSystemByLeeUITests.swift; sourceTree = "<group>"; };
		367055EB25A7C05F00B1DCA0 /* Info.plist */ = {isa = PBXFileReference; lastKnownFileType = text.plist.xml; path = Info.plist; sourceTree = "<group>"; };
		367055FB25A7C11700B1DCA0 /* Planet.swift */ = {isa = PBXFileReference; lastKnownFileType = sourcecode.swift; path = Planet.swift; sourceTree = "<group>"; };
		3670560425A7C3DE00B1DCA0 /* PlanetController.swift */ = {isa = PBXFileReference; lastKnownFileType = sourcecode.swift; path = PlanetController.swift; sourceTree = "<group>"; };
		36C8AE2625A7D27000C3AD4F /* PlanetsTableViewController.swift */ = {isa = PBXFileReference; lastKnownFileType = sourcecode.swift; path = PlanetsTableViewController.swift; sourceTree = "<group>"; };
/* End PBXFileReference section */

/* Begin PBXFrameworksBuildPhase section */
		367055C125A7C05D00B1DCA0 /* Frameworks */ = {
			isa = PBXFrameworksBuildPhase;
			buildActionMask = 2147483647;
			files = (
			);
			runOnlyForDeploymentPostprocessing = 0;
		};
		367055D725A7C05F00B1DCA0 /* Frameworks */ = {
			isa = PBXFrameworksBuildPhase;
			buildActionMask = 2147483647;
			files = (
			);
			runOnlyForDeploymentPostprocessing = 0;
		};
		367055E225A7C05F00B1DCA0 /* Frameworks */ = {
			isa = PBXFrameworksBuildPhase;
			buildActionMask = 2147483647;
			files = (
			);
			runOnlyForDeploymentPostprocessing = 0;
		};
/* End PBXFrameworksBuildPhase section */

/* Begin PBXGroup section */
		3667D71B25A80B6C00D93858 /* Resources */ = {
			isa = PBXGroup;
			children = (
				367055C725A7C05D00B1DCA0 /* AppDelegate.swift */,
				367055C925A7C05D00B1DCA0 /* SceneDelegate.swift */,
				367055D025A7C05F00B1DCA0 /* Assets.xcassets */,
				367055D525A7C05F00B1DCA0 /* Info.plist */,
			);
			path = Resources;
			sourceTree = "<group>";
		};
		367055BB25A7C05D00B1DCA0 = {
			isa = PBXGroup;
			children = (
				367055C625A7C05D00B1DCA0 /* SolarSystemByLee */,
				367055DD25A7C05F00B1DCA0 /* SolarSystemByLeeTests */,
				367055E825A7C05F00B1DCA0 /* SolarSystemByLeeUITests */,
				367055C525A7C05D00B1DCA0 /* Products */,
			);
			sourceTree = "<group>";
		};
		367055C525A7C05D00B1DCA0 /* Products */ = {
			isa = PBXGroup;
			children = (
				367055C425A7C05D00B1DCA0 /* SolarSystemByLee.app */,
				367055DA25A7C05F00B1DCA0 /* SolarSystemByLeeTests.xctest */,
				367055E525A7C05F00B1DCA0 /* SolarSystemByLeeUITests.xctest */,
			);
			name = Products;
			sourceTree = "<group>";
		};
		367055C625A7C05D00B1DCA0 /* SolarSystemByLee */ = {
			isa = PBXGroup;
			children = (
				36C8AE2525A7D21500C3AD4F /* ViewController */,
				3670560325A7C3AF00B1DCA0 /* ModelController */,
				367055FA25A7C0A500B1DCA0 /* Model */,
				36C8AE3125A7D51100C3AD4F /* Storyboards */,
				3667D71B25A80B6C00D93858 /* Resources */,
			);
			path = SolarSystemByLee;
			sourceTree = "<group>";
		};
		367055DD25A7C05F00B1DCA0 /* SolarSystemByLeeTests */ = {
			isa = PBXGroup;
			children = (
				367055DE25A7C05F00B1DCA0 /* SolarSystemByLeeTests.swift */,
				367055E025A7C05F00B1DCA0 /* Info.plist */,
			);
			path = SolarSystemByLeeTests;
			sourceTree = "<group>";
		};
		367055E825A7C05F00B1DCA0 /* SolarSystemByLeeUITests */ = {
			isa = PBXGroup;
			children = (
				367055E925A7C05F00B1DCA0 /* SolarSystemByLeeUITests.swift */,
				367055EB25A7C05F00B1DCA0 /* Info.plist */,
			);
			path = SolarSystemByLeeUITests;
			sourceTree = "<group>";
		};
		367055FA25A7C0A500B1DCA0 /* Model */ = {
			isa = PBXGroup;
			children = (
				367055FB25A7C11700B1DCA0 /* Planet.swift */,
			);
			path = Model;
			sourceTree = "<group>";
		};
		3670560325A7C3AF00B1DCA0 /* ModelController */ = {
			isa = PBXGroup;
			children = (
				3670560425A7C3DE00B1DCA0 /* PlanetController.swift */,
			);
			path = ModelController;
			sourceTree = "<group>";
		};
		36C8AE2525A7D21500C3AD4F /* ViewController */ = {
			isa = PBXGroup;
			children = (
				367055CB25A7C05D00B1DCA0 /* DetailViewController.swift */,
				36C8AE2625A7D27000C3AD4F /* PlanetsTableViewController.swift */,
			);
			name = ViewController;
			sourceTree = "<group>";
		};
		36C8AE3125A7D51100C3AD4F /* Storyboards */ = {
			isa = PBXGroup;
			children = (
				367055CD25A7C05D00B1DCA0 /* Main.storyboard */,
				367055D225A7C05F00B1DCA0 /* LaunchScreen.storyboard */,
			);
			path = Storyboards;
			sourceTree = "<group>";
		};
/* End PBXGroup section */

/* Begin PBXNativeTarget section */
		367055C325A7C05D00B1DCA0 /* SolarSystemByLee */ = {
			isa = PBXNativeTarget;
			buildConfigurationList = 367055EE25A7C05F00B1DCA0 /* Build configuration list for PBXNativeTarget "SolarSystemByLee" */;
			buildPhases = (
				367055C025A7C05D00B1DCA0 /* Sources */,
				367055C125A7C05D00B1DCA0 /* Frameworks */,
				367055C225A7C05D00B1DCA0 /* Resources */,
			);
			buildRules = (
			);
			dependencies = (
			);
			name = SolarSystemByLee;
			productName = SolarSystemByLee;
			productReference = 367055C425A7C05D00B1DCA0 /* SolarSystemByLee.app */;
			productType = "com.apple.product-type.application";
		};
		367055D925A7C05F00B1DCA0 /* SolarSystemByLeeTests */ = {
			isa = PBXNativeTarget;
			buildConfigurationList = 367055F125A7C05F00B1DCA0 /* Build configuration list for PBXNativeTarget "SolarSystemByLeeTests" */;
			buildPhases = (
				367055D625A7C05F00B1DCA0 /* Sources */,
				367055D725A7C05F00B1DCA0 /* Frameworks */,
				367055D825A7C05F00B1DCA0 /* Resources */,
			);
			buildRules = (
			);
			dependencies = (
				367055DC25A7C05F00B1DCA0 /* PBXTargetDependency */,
			);
			name = SolarSystemByLeeTests;
			productName = SolarSystemByLeeTests;
			productReference = 367055DA25A7C05F00B1DCA0 /* SolarSystemByLeeTests.xctest */;
			productType = "com.apple.product-type.bundle.unit-test";
		};
		367055E425A7C05F00B1DCA0 /* SolarSystemByLeeUITests */ = {
			isa = PBXNativeTarget;
			buildConfigurationList = 367055F425A7C05F00B1DCA0 /* Build configuration list for PBXNativeTarget "SolarSystemByLeeUITests" */;
			buildPhases = (
				367055E125A7C05F00B1DCA0 /* Sources */,
				367055E225A7C05F00B1DCA0 /* Frameworks */,
				367055E325A7C05F00B1DCA0 /* Resources */,
			);
			buildRules = (
			);
			dependencies = (
				367055E725A7C05F00B1DCA0 /* PBXTargetDependency */,
			);
			name = SolarSystemByLeeUITests;
			productName = SolarSystemByLeeUITests;
			productReference = 367055E525A7C05F00B1DCA0 /* SolarSystemByLeeUITests.xctest */;
			productType = "com.apple.product-type.bundle.ui-testing";
		};
/* End PBXNativeTarget section */

/* Begin PBXProject section */
		367055BC25A7C05D00B1DCA0 /* Project object */ = {
			isa = PBXProject;
			attributes = {
				LastSwiftUpdateCheck = 1230;
				LastUpgradeCheck = 1230;
				TargetAttributes = {
					367055C325A7C05D00B1DCA0 = {
						CreatedOnToolsVersion = 12.3;
					};
					367055D925A7C05F00B1DCA0 = {
						CreatedOnToolsVersion = 12.3;
						TestTargetID = 367055C325A7C05D00B1DCA0;
					};
					367055E425A7C05F00B1DCA0 = {
						CreatedOnToolsVersion = 12.3;
						TestTargetID = 367055C325A7C05D00B1DCA0;
					};
				};
			};
			buildConfigurationList = 367055BF25A7C05D00B1DCA0 /* Build configuration list for PBXProject "SolarSystemByLee" */;
			compatibilityVersion = "Xcode 9.3";
			developmentRegion = en;
			hasScannedForEncodings = 0;
			knownRegions = (
				en,
				Base,
			);
			mainGroup = 367055BB25A7C05D00B1DCA0;
			productRefGroup = 367055C525A7C05D00B1DCA0 /* Products */;
			projectDirPath = "";
			projectRoot = "";
			targets = (
				367055C325A7C05D00B1DCA0 /* SolarSystemByLee */,
				367055D925A7C05F00B1DCA0 /* SolarSystemByLeeTests */,
				367055E425A7C05F00B1DCA0 /* SolarSystemByLeeUITests */,
			);
		};
/* End PBXProject section */

/* Begin PBXResourcesBuildPhase section */
		367055C225A7C05D00B1DCA0 /* Resources */ = {
			isa = PBXResourcesBuildPhase;
			buildActionMask = 2147483647;
			files = (
				367055D425A7C05F00B1DCA0 /* LaunchScreen.storyboard in Resources */,
				367055D125A7C05F00B1DCA0 /* Assets.xcassets in Resources */,
				367055CF25A7C05D00B1DCA0 /* Main.storyboard in Resources */,
			);
			runOnlyForDeploymentPostprocessing = 0;
		};
		367055D825A7C05F00B1DCA0 /* Resources */ = {
			isa = PBXResourcesBuildPhase;
			buildActionMask = 2147483647;
			files = (
			);
			runOnlyForDeploymentPostprocessing = 0;
		};
		367055E325A7C05F00B1DCA0 /* Resources */ = {
			isa = PBXResourcesBuildPhase;
			buildActionMask = 2147483647;
			files = (
			);
			runOnlyForDeploymentPostprocessing = 0;
		};
/* End PBXResourcesBuildPhase section */

/* Begin PBXSourcesBuildPhase section */
		367055C025A7C05D00B1DCA0 /* Sources */ = {
			isa = PBXSourcesBuildPhase;
			buildActionMask = 2147483647;
			files = (
				367055CC25A7C05D00B1DCA0 /* DetailViewController.swift in Sources */,
				367055C825A7C05D00B1DCA0 /* AppDelegate.swift in Sources */,
				367055CA25A7C05D00B1DCA0 /* SceneDelegate.swift in Sources */,
				367055FC25A7C11700B1DCA0 /* Planet.swift in Sources */,
				36C8AE2725A7D27000C3AD4F /* PlanetsTableViewController.swift in Sources */,
				3670560525A7C3DE00B1DCA0 /* PlanetController.swift in Sources */,
			);
			runOnlyForDeploymentPostprocessing = 0;
		};
		367055D625A7C05F00B1DCA0 /* Sources */ = {
			isa = PBXSourcesBuildPhase;
			buildActionMask = 2147483647;
			files = (
				367055DF25A7C05F00B1DCA0 /* SolarSystemByLeeTests.swift in Sources */,
			);
			runOnlyForDeploymentPostprocessing = 0;
		};
		367055E125A7C05F00B1DCA0 /* Sources */ = {
			isa = PBXSourcesBuildPhase;
			buildActionMask = 2147483647;
			files = (
				367055EA25A7C05F00B1DCA0 /* SolarSystemByLeeUITests.swift in Sources */,
			);
			runOnlyForDeploymentPostprocessing = 0;
		};
/* End PBXSourcesBuildPhase section */

/* Begin PBXTargetDependency section */
		367055DC25A7C05F00B1DCA0 /* PBXTargetDependency */ = {
			isa = PBXTargetDependency;
			target = 367055C325A7C05D00B1DCA0 /* SolarSystemByLee */;
			targetProxy = 367055DB25A7C05F00B1DCA0 /* PBXContainerItemProxy */;
		};
		367055E725A7C05F00B1DCA0 /* PBXTargetDependency */ = {
			isa = PBXTargetDependency;
			target = 367055C325A7C05D00B1DCA0 /* SolarSystemByLee */;
			targetProxy = 367055E625A7C05F00B1DCA0 /* PBXContainerItemProxy */;
		};
/* End PBXTargetDependency section */

/* Begin PBXVariantGroup section */
		367055CD25A7C05D00B1DCA0 /* Main.storyboard */ = {
			isa = PBXVariantGroup;
			children = (
				367055CE25A7C05D00B1DCA0 /* Base */,
			);
			name = Main.storyboard;
			sourceTree = "<group>";
		};
		367055D225A7C05F00B1DCA0 /* LaunchScreen.storyboard */ = {
			isa = PBXVariantGroup;
			children = (
				367055D325A7C05F00B1DCA0 /* Base */,
			);
			name = LaunchScreen.storyboard;
			sourceTree = "<group>";
		};
/* End PBXVariantGroup section */

/* Begin XCBuildConfiguration section */
		367055EC25A7C05F00B1DCA0 /* Debug */ = {
			isa = XCBuildConfiguration;
			buildSettings = {
				ALWAYS_SEARCH_USER_PATHS = NO;
				CLANG_ANALYZER_NONNULL = YES;
				CLANG_ANALYZER_NUMBER_OBJECT_CONVERSION = YES_AGGRESSIVE;
				CLANG_CXX_LANGUAGE_STANDARD = "gnu++14";
				CLANG_CXX_LIBRARY = "libc++";
				CLANG_ENABLE_MODULES = YES;
				CLANG_ENABLE_OBJC_ARC = YES;
				CLANG_ENABLE_OBJC_WEAK = YES;
				CLANG_WARN_BLOCK_CAPTURE_AUTORELEASING = YES;
				CLANG_WARN_BOOL_CONVERSION = YES;
				CLANG_WARN_COMMA = YES;
				CLANG_WARN_CONSTANT_CONVERSION = YES;
				CLANG_WARN_DEPRECATED_OBJC_IMPLEMENTATIONS = YES;
				CLANG_WARN_DIRECT_OBJC_ISA_USAGE = YES_ERROR;
				CLANG_WARN_DOCUMENTATION_COMMENTS = YES;
				CLANG_WARN_EMPTY_BODY = YES;
				CLANG_WARN_ENUM_CONVERSION = YES;
				CLANG_WARN_INFINITE_RECURSION = YES;
				CLANG_WARN_INT_CONVERSION = YES;
				CLANG_WARN_NON_LITERAL_NULL_CONVERSION = YES;
				CLANG_WARN_OBJC_IMPLICIT_RETAIN_SELF = YES;
				CLANG_WARN_OBJC_LITERAL_CONVERSION = YES;
				CLANG_WARN_OBJC_ROOT_CLASS = YES_ERROR;
				CLANG_WARN_QUOTED_INCLUDE_IN_FRAMEWORK_HEADER = YES;
				CLANG_WARN_RANGE_LOOP_ANALYSIS = YES;
				CLANG_WARN_STRICT_PROTOTYPES = YES;
				CLANG_WARN_SUSPICIOUS_MOVE = YES;
				CLANG_WARN_UNGUARDED_AVAILABILITY = YES_AGGRESSIVE;
				CLANG_WARN_UNREACHABLE_CODE = YES;
				CLANG_WARN__DUPLICATE_METHOD_MATCH = YES;
				COPY_PHASE_STRIP = NO;
				DEBUG_INFORMATION_FORMAT = dwarf;
				ENABLE_STRICT_OBJC_MSGSEND = YES;
				ENABLE_TESTABILITY = YES;
				GCC_C_LANGUAGE_STANDARD = gnu11;
				GCC_DYNAMIC_NO_PIC = NO;
				GCC_NO_COMMON_BLOCKS = YES;
				GCC_OPTIMIZATION_LEVEL = 0;
				GCC_PREPROCESSOR_DEFINITIONS = (
					"DEBUG=1",
					"$(inherited)",
				);
				GCC_WARN_64_TO_32_BIT_CONVERSION = YES;
				GCC_WARN_ABOUT_RETURN_TYPE = YES_ERROR;
				GCC_WARN_UNDECLARED_SELECTOR = YES;
				GCC_WARN_UNINITIALIZED_AUTOS = YES_AGGRESSIVE;
				GCC_WARN_UNUSED_FUNCTION = YES;
				GCC_WARN_UNUSED_VARIABLE = YES;
				IPHONEOS_DEPLOYMENT_TARGET = 14.3;
				MTL_ENABLE_DEBUG_INFO = INCLUDE_SOURCE;
				MTL_FAST_MATH = YES;
				ONLY_ACTIVE_ARCH = YES;
				SDKROOT = iphoneos;
				SWIFT_ACTIVE_COMPILATION_CONDITIONS = DEBUG;
				SWIFT_OPTIMIZATION_LEVEL = "-Onone";
			};
			name = Debug;
		};
		367055ED25A7C05F00B1DCA0 /* Release */ = {
			isa = XCBuildConfiguration;
			buildSettings = {
				ALWAYS_SEARCH_USER_PATHS = NO;
				CLANG_ANALYZER_NONNULL = YES;
				CLANG_ANALYZER_NUMBER_OBJECT_CONVERSION = YES_AGGRESSIVE;
				CLANG_CXX_LANGUAGE_STANDARD = "gnu++14";
				CLANG_CXX_LIBRARY = "libc++";
				CLANG_ENABLE_MODULES = YES;
				CLANG_ENABLE_OBJC_ARC = YES;
				CLANG_ENABLE_OBJC_WEAK = YES;
				CLANG_WARN_BLOCK_CAPTURE_AUTORELEASING = YES;
				CLANG_WARN_BOOL_CONVERSION = YES;
				CLANG_WARN_COMMA = YES;
				CLANG_WARN_CONSTANT_CONVERSION = YES;
				CLANG_WARN_DEPRECATED_OBJC_IMPLEMENTATIONS = YES;
				CLANG_WARN_DIRECT_OBJC_ISA_USAGE = YES_ERROR;
				CLANG_WARN_DOCUMENTATION_COMMENTS = YES;
				CLANG_WARN_EMPTY_BODY = YES;
				CLANG_WARN_ENUM_CONVERSION = YES;
				CLANG_WARN_INFINITE_RECURSION = YES;
				CLANG_WARN_INT_CONVERSION = YES;
				CLANG_WARN_NON_LITERAL_NULL_CONVERSION = YES;
				CLANG_WARN_OBJC_IMPLICIT_RETAIN_SELF = YES;
				CLANG_WARN_OBJC_LITERAL_CONVERSION = YES;
				CLANG_WARN_OBJC_ROOT_CLASS = YES_ERROR;
				CLANG_WARN_QUOTED_INCLUDE_IN_FRAMEWORK_HEADER = YES;
				CLANG_WARN_RANGE_LOOP_ANALYSIS = YES;
				CLANG_WARN_STRICT_PROTOTYPES = YES;
				CLANG_WARN_SUSPICIOUS_MOVE = YES;
				CLANG_WARN_UNGUARDED_AVAILABILITY = YES_AGGRESSIVE;
				CLANG_WARN_UNREACHABLE_CODE = YES;
				CLANG_WARN__DUPLICATE_METHOD_MATCH = YES;
				COPY_PHASE_STRIP = NO;
				DEBUG_INFORMATION_FORMAT = "dwarf-with-dsym";
				ENABLE_NS_ASSERTIONS = NO;
				ENABLE_STRICT_OBJC_MSGSEND = YES;
				GCC_C_LANGUAGE_STANDARD = gnu11;
				GCC_NO_COMMON_BLOCKS = YES;
				GCC_WARN_64_TO_32_BIT_CONVERSION = YES;
				GCC_WARN_ABOUT_RETURN_TYPE = YES_ERROR;
				GCC_WARN_UNDECLARED_SELECTOR = YES;
				GCC_WARN_UNINITIALIZED_AUTOS = YES_AGGRESSIVE;
				GCC_WARN_UNUSED_FUNCTION = YES;
				GCC_WARN_UNUSED_VARIABLE = YES;
				IPHONEOS_DEPLOYMENT_TARGET = 14.3;
				MTL_ENABLE_DEBUG_INFO = NO;
				MTL_FAST_MATH = YES;
				SDKROOT = iphoneos;
				SWIFT_COMPILATION_MODE = wholemodule;
				SWIFT_OPTIMIZATION_LEVEL = "-O";
				VALIDATE_PRODUCT = YES;
			};
			name = Release;
		};
		367055EF25A7C05F00B1DCA0 /* Debug */ = {
			isa = XCBuildConfiguration;
			buildSettings = {
				ASSETCATALOG_COMPILER_APPICON_NAME = AppIcon;
				ASSETCATALOG_COMPILER_GLOBAL_ACCENT_COLOR_NAME = AccentColor;
				CODE_SIGN_STYLE = Automatic;
				DEVELOPMENT_TEAM = L73M8R7276;
				INFOPLIST_FILE = SolarSystemByLee/Resources/Info.plist;
				LD_RUNPATH_SEARCH_PATHS = (
					"$(inherited)",
					"@executable_path/Frameworks",
				);
				PRODUCT_BUNDLE_IDENTIFIER = com.leemccormick.SolarSystemByLee;
				PRODUCT_NAME = "$(TARGET_NAME)";
				SWIFT_VERSION = 5.0;
				TARGETED_DEVICE_FAMILY = "1,2";
			};
			name = Debug;
		};
		367055F025A7C05F00B1DCA0 /* Release */ = {
			isa = XCBuildConfiguration;
			buildSettings = {
				ASSETCATALOG_COMPILER_APPICON_NAME = AppIcon;
				ASSETCATALOG_COMPILER_GLOBAL_ACCENT_COLOR_NAME = AccentColor;
				CODE_SIGN_STYLE = Automatic;
				DEVELOPMENT_TEAM = L73M8R7276;
				INFOPLIST_FILE = SolarSystemByLee/Resources/Info.plist;
				LD_RUNPATH_SEARCH_PATHS = (
					"$(inherited)",
					"@executable_path/Frameworks",
				);
				PRODUCT_BUNDLE_IDENTIFIER = com.leemccormick.SolarSystemByLee;
				PRODUCT_NAME = "$(TARGET_NAME)";
				SWIFT_VERSION = 5.0;
				TARGETED_DEVICE_FAMILY = "1,2";
			};
			name = Release;
		};
		367055F225A7C05F00B1DCA0 /* Debug */ = {
			isa = XCBuildConfiguration;
			buildSettings = {
				ALWAYS_EMBED_SWIFT_STANDARD_LIBRARIES = YES;
				BUNDLE_LOADER = "$(TEST_HOST)";
				CODE_SIGN_STYLE = Automatic;
				DEVELOPMENT_TEAM = L73M8R7276;
				INFOPLIST_FILE = SolarSystemByLeeTests/Info.plist;
				IPHONEOS_DEPLOYMENT_TARGET = 14.3;
				LD_RUNPATH_SEARCH_PATHS = (
					"$(inherited)",
					"@executable_path/Frameworks",
					"@loader_path/Frameworks",
				);
				PRODUCT_BUNDLE_IDENTIFIER = com.leemccormick.SolarSystemByLeeTests;
				PRODUCT_NAME = "$(TARGET_NAME)";
				SWIFT_VERSION = 5.0;
				TARGETED_DEVICE_FAMILY = "1,2";
				TEST_HOST = "$(BUILT_PRODUCTS_DIR)/SolarSystemByLee.app/SolarSystemByLee";
			};
			name = Debug;
		};
		367055F325A7C05F00B1DCA0 /* Release */ = {
			isa = XCBuildConfiguration;
			buildSettings = {
				ALWAYS_EMBED_SWIFT_STANDARD_LIBRARIES = YES;
				BUNDLE_LOADER = "$(TEST_HOST)";
				CODE_SIGN_STYLE = Automatic;
				DEVELOPMENT_TEAM = L73M8R7276;
				INFOPLIST_FILE = SolarSystemByLeeTests/Info.plist;
				IPHONEOS_DEPLOYMENT_TARGET = 14.3;
				LD_RUNPATH_SEARCH_PATHS = (
					"$(inherited)",
					"@executable_path/Frameworks",
					"@loader_path/Frameworks",
				);
				PRODUCT_BUNDLE_IDENTIFIER = com.leemccormick.SolarSystemByLeeTests;
				PRODUCT_NAME = "$(TARGET_NAME)";
				SWIFT_VERSION = 5.0;
				TARGETED_DEVICE_FAMILY = "1,2";
				TEST_HOST = "$(BUILT_PRODUCTS_DIR)/SolarSystemByLee.app/SolarSystemByLee";
			};
			name = Release;
		};
		367055F525A7C05F00B1DCA0 /* Debug */ = {
			isa = XCBuildConfiguration;
			buildSettings = {
				ALWAYS_EMBED_SWIFT_STANDARD_LIBRARIES = YES;
				CODE_SIGN_STYLE = Automatic;
				DEVELOPMENT_TEAM = L73M8R7276;
				INFOPLIST_FILE = SolarSystemByLeeUITests/Info.plist;
				LD_RUNPATH_SEARCH_PATHS = (
					"$(inherited)",
					"@executable_path/Frameworks",
					"@loader_path/Frameworks",
				);
				PRODUCT_BUNDLE_IDENTIFIER = com.leemccormick.SolarSystemByLeeUITests;
				PRODUCT_NAME = "$(TARGET_NAME)";
				SWIFT_VERSION = 5.0;
				TARGETED_DEVICE_FAMILY = "1,2";
				TEST_TARGET_NAME = SolarSystemByLee;
			};
			name = Debug;
		};
		367055F625A7C05F00B1DCA0 /* Release */ = {
			isa = XCBuildConfiguration;
			buildSettings = {
				ALWAYS_EMBED_SWIFT_STANDARD_LIBRARIES = YES;
				CODE_SIGN_STYLE = Automatic;
				DEVELOPMENT_TEAM = L73M8R7276;
				INFOPLIST_FILE = SolarSystemByLeeUITests/Info.plist;
				LD_RUNPATH_SEARCH_PATHS = (
					"$(inherited)",
					"@executable_path/Frameworks",
					"@loader_path/Frameworks",
				);
				PRODUCT_BUNDLE_IDENTIFIER = com.leemccormick.SolarSystemByLeeUITests;
				PRODUCT_NAME = "$(TARGET_NAME)";
				SWIFT_VERSION = 5.0;
				TARGETED_DEVICE_FAMILY = "1,2";
				TEST_TARGET_NAME = SolarSystemByLee;
			};
			name = Release;
		};
/* End XCBuildConfiguration section */

/* Begin XCConfigurationList section */
		367055BF25A7C05D00B1DCA0 /* Build configuration list for PBXProject "SolarSystemByLee" */ = {
			isa = XCConfigurationList;
			buildConfigurations = (
				367055EC25A7C05F00B1DCA0 /* Debug */,
				367055ED25A7C05F00B1DCA0 /* Release */,
			);
			defaultConfigurationIsVisible = 0;
			defaultConfigurationName = Release;
		};
		367055EE25A7C05F00B1DCA0 /* Build configuration list for PBXNativeTarget "SolarSystemByLee" */ = {
			isa = XCConfigurationList;
			buildConfigurations = (
				367055EF25A7C05F00B1DCA0 /* Debug */,
				367055F025A7C05F00B1DCA0 /* Release */,
			);
			defaultConfigurationIsVisible = 0;
			defaultConfigurationName = Release;
		};
		367055F125A7C05F00B1DCA0 /* Build configuration list for PBXNativeTarget "SolarSystemByLeeTests" */ = {
			isa = XCConfigurationList;
			buildConfigurations = (
				367055F225A7C05F00B1DCA0 /* Debug */,
				367055F325A7C05F00B1DCA0 /* Release */,
			);
			defaultConfigurationIsVisible = 0;
			defaultConfigurationName = Release;
		};
		367055F425A7C05F00B1DCA0 /* Build configuration list for PBXNativeTarget "SolarSystemByLeeUITests" */ = {
			isa = XCConfigurationList;
			buildConfigurations = (
				367055F525A7C05F00B1DCA0 /* Debug */,
				367055F625A7C05F00B1DCA0 /* Release */,
			);
			defaultConfigurationIsVisible = 0;
			defaultConfigurationName = Release;
		};
/* End XCConfigurationList section */
	};
	rootObject = 367055BC25A7C05D00B1DCA0 /* Project object */;
}
